// !$*UTF8*$!
{
	archiveVersion = 1;
	classes = {
	};
	objectVersion = 50;
	objects = {

/* Begin PBXBuildFile section */
		BA9B4F272392C88A0081DF99 /* AppDelegate.m in Sources */ = {isa = PBXBuildFile; fileRef = BA9B4F262392C88A0081DF99 /* AppDelegate.m */; };
		BA9B4F2A2392C88A0081DF99 /* ViewController.m in Sources */ = {isa = PBXBuildFile; fileRef = BA9B4F292392C88A0081DF99 /* ViewController.m */; };
		BA9B4F2D2392C88A0081DF99 /* Main.storyboard in Resources */ = {isa = PBXBuildFile; fileRef = BA9B4F2B2392C88A0081DF99 /* Main.storyboard */; };
		BA9B4F2F2392C88C0081DF99 /* Assets.xcassets in Resources */ = {isa = PBXBuildFile; fileRef = BA9B4F2E2392C88C0081DF99 /* Assets.xcassets */; };
		BA9B4F322392C88C0081DF99 /* LaunchScreen.storyboard in Resources */ = {isa = PBXBuildFile; fileRef = BA9B4F302392C88C0081DF99 /* LaunchScreen.storyboard */; };
		BA9B4F352392C88C0081DF99 /* main.m in Sources */ = {isa = PBXBuildFile; fileRef = BA9B4F342392C88C0081DF99 /* main.m */; };
		BA9B4F3F2392C88C0081DF99 /* DemoTests.m in Sources */ = {isa = PBXBuildFile; fileRef = BA9B4F3E2392C88C0081DF99 /* DemoTests.m */; };
		BA9B4F4A2392C88C0081DF99 /* DemoUITests.m in Sources */ = {isa = PBXBuildFile; fileRef = BA9B4F492392C88C0081DF99 /* DemoUITests.m */; };
		BA9B4F5B2392C8D50081DF99 /* DemoViewController.m in Sources */ = {isa = PBXBuildFile; fileRef = BA9B4F582392C8D40081DF99 /* DemoViewController.m */; };
		BA9B4F5C2392C8D50081DF99 /* Demo2ViewController.m in Sources */ = {isa = PBXBuildFile; fileRef = BA9B4F5A2392C8D40081DF99 /* Demo2ViewController.m */; };
/* End PBXBuildFile section */

/* Begin PBXContainerItemProxy section */
		BA9B4F3B2392C88C0081DF99 /* PBXContainerItemProxy */ = {
			isa = PBXContainerItemProxy;
			containerPortal = BA9B4F1A2392C88A0081DF99 /* Project object */;
			proxyType = 1;
			remoteGlobalIDString = BA9B4F212392C88A0081DF99;
			remoteInfo = Demo;
		};
		BA9B4F462392C88C0081DF99 /* PBXContainerItemProxy */ = {
			isa = PBXContainerItemProxy;
			containerPortal = BA9B4F1A2392C88A0081DF99 /* Project object */;
			proxyType = 1;
			remoteGlobalIDString = BA9B4F212392C88A0081DF99;
			remoteInfo = Demo;
		};
/* End PBXContainerItemProxy section */

/* Begin PBXFileReference section */
		BA9B4F222392C88A0081DF99 /* Demo.app */ = {isa = PBXFileReference; explicitFileType = wrapper.application; includeInIndex = 0; path = Demo.app; sourceTree = BUILT_PRODUCTS_DIR; };
		BA9B4F252392C88A0081DF99 /* AppDelegate.h */ = {isa = PBXFileReference; lastKnownFileType = sourcecode.c.h; path = AppDelegate.h; sourceTree = "<group>"; };
		BA9B4F262392C88A0081DF99 /* AppDelegate.m */ = {isa = PBXFileReference; lastKnownFileType = sourcecode.c.objc; path = AppDelegate.m; sourceTree = "<group>"; };
		BA9B4F282392C88A0081DF99 /* ViewController.h */ = {isa = PBXFileReference; lastKnownFileType = sourcecode.c.h; path = ViewController.h; sourceTree = "<group>"; };
		BA9B4F292392C88A0081DF99 /* ViewController.m */ = {isa = PBXFileReference; lastKnownFileType = sourcecode.c.objc; path = ViewController.m; sourceTree = "<group>"; };
		BA9B4F2C2392C88A0081DF99 /* Base */ = {isa = PBXFileReference; lastKnownFileType = file.storyboard; name = Base; path = Base.lproj/Main.storyboard; sourceTree = "<group>"; };
		BA9B4F2E2392C88C0081DF99 /* Assets.xcassets */ = {isa = PBXFileReference; lastKnownFileType = folder.assetcatalog; path = Assets.xcassets; sourceTree = "<group>"; };
		BA9B4F312392C88C0081DF99 /* Base */ = {isa = PBXFileReference; lastKnownFileType = file.storyboard; name = Base; path = Base.lproj/LaunchScreen.storyboard; sourceTree = "<group>"; };
		BA9B4F332392C88C0081DF99 /* Info.plist */ = {isa = PBXFileReference; lastKnownFileType = text.plist.xml; path = Info.plist; sourceTree = "<group>"; };
		BA9B4F342392C88C0081DF99 /* main.m */ = {isa = PBXFileReference; lastKnownFileType = sourcecode.c.objc; path = main.m; sourceTree = "<group>"; };
		BA9B4F3A2392C88C0081DF99 /* DemoTests.xctest */ = {isa = PBXFileReference; explicitFileType = wrapper.cfbundle; includeInIndex = 0; path = DemoTests.xctest; sourceTree = BUILT_PRODUCTS_DIR; };
		BA9B4F3E2392C88C0081DF99 /* DemoTests.m */ = {isa = PBXFileReference; lastKnownFileType = sourcecode.c.objc; path = DemoTests.m; sourceTree = "<group>"; };
		BA9B4F402392C88C0081DF99 /* Info.plist */ = {isa = PBXFileReference; lastKnownFileType = text.plist.xml; path = Info.plist; sourceTree = "<group>"; };
		BA9B4F452392C88C0081DF99 /* DemoUITests.xctest */ = {isa = PBXFileReference; explicitFileType = wrapper.cfbundle; includeInIndex = 0; path = DemoUITests.xctest; sourceTree = BUILT_PRODUCTS_DIR; };
		BA9B4F492392C88C0081DF99 /* DemoUITests.m */ = {isa = PBXFileReference; lastKnownFileType = sourcecode.c.objc; path = DemoUITests.m; sourceTree = "<group>"; };
		BA9B4F4B2392C88C0081DF99 /* Info.plist */ = {isa = PBXFileReference; lastKnownFileType = text.plist.xml; path = Info.plist; sourceTree = "<group>"; };
		BA9B4F572392C8D40081DF99 /* DemoViewController.h */ = {isa = PBXFileReference; fileEncoding = 4; lastKnownFileType = sourcecode.c.h; path = DemoViewController.h; sourceTree = "<group>"; };
		BA9B4F582392C8D40081DF99 /* DemoViewController.m */ = {isa = PBXFileReference; fileEncoding = 4; lastKnownFileType = sourcecode.c.objc; path = DemoViewController.m; sourceTree = "<group>"; };
		BA9B4F592392C8D40081DF99 /* Demo2ViewController.h */ = {isa = PBXFileReference; fileEncoding = 4; lastKnownFileType = sourcecode.c.h; path = Demo2ViewController.h; sourceTree = "<group>"; };
		BA9B4F5A2392C8D40081DF99 /* Demo2ViewController.m */ = {isa = PBXFileReference; fileEncoding = 4; lastKnownFileType = sourcecode.c.objc; path = Demo2ViewController.m; sourceTree = "<group>"; };
/* End PBXFileReference section */

/* Begin PBXFrameworksBuildPhase section */
		BA9B4F1F2392C88A0081DF99 /* Frameworks */ = {
			isa = PBXFrameworksBuildPhase;
			buildActionMask = 2147483647;
			files = (
			);
			runOnlyForDeploymentPostprocessing = 0;
		};
		BA9B4F372392C88C0081DF99 /* Frameworks */ = {
			isa = PBXFrameworksBuildPhase;
			buildActionMask = 2147483647;
			files = (
			);
			runOnlyForDeploymentPostprocessing = 0;
		};
		BA9B4F422392C88C0081DF99 /* Frameworks */ = {
			isa = PBXFrameworksBuildPhase;
			buildActionMask = 2147483647;
			files = (
			);
			runOnlyForDeploymentPostprocessing = 0;
		};
/* End PBXFrameworksBuildPhase section */

/* Begin PBXGroup section */
		BA9B4F192392C88A0081DF99 = {
			isa = PBXGroup;
			children = (
				BA9B4F242392C88A0081DF99 /* Demo */,
				BA9B4F3D2392C88C0081DF99 /* DemoTests */,
				BA9B4F482392C88C0081DF99 /* DemoUITests */,
				BA9B4F232392C88A0081DF99 /* Products */,
			);
			sourceTree = "<group>";
		};
		BA9B4F232392C88A0081DF99 /* Products */ = {
			isa = PBXGroup;
			children = (
				BA9B4F222392C88A0081DF99 /* Demo.app */,
				BA9B4F3A2392C88C0081DF99 /* DemoTests.xctest */,
				BA9B4F452392C88C0081DF99 /* DemoUITests.xctest */,
			);
			name = Products;
			sourceTree = "<group>";
		};
		BA9B4F242392C88A0081DF99 /* Demo */ = {
			isa = PBXGroup;
			children = (
				BA9B4F592392C8D40081DF99 /* Demo2ViewController.h */,
				BA9B4F5A2392C8D40081DF99 /* Demo2ViewController.m */,
				BA9B4F572392C8D40081DF99 /* DemoViewController.h */,
				BA9B4F582392C8D40081DF99 /* DemoViewController.m */,
				BA9B4F252392C88A0081DF99 /* AppDelegate.h */,
				BA9B4F262392C88A0081DF99 /* AppDelegate.m */,
				BA9B4F282392C88A0081DF99 /* ViewController.h */,
				BA9B4F292392C88A0081DF99 /* ViewController.m */,
				BA9B4F2B2392C88A0081DF99 /* Main.storyboard */,
				BA9B4F2E2392C88C0081DF99 /* Assets.xcassets */,
				BA9B4F302392C88C0081DF99 /* LaunchScreen.storyboard */,
				BA9B4F332392C88C0081DF99 /* Info.plist */,
				BA9B4F342392C88C0081DF99 /* main.m */,
			);
			path = Demo;
			sourceTree = "<group>";
		};
		BA9B4F3D2392C88C0081DF99 /* DemoTests */ = {
			isa = PBXGroup;
			children = (
				BA9B4F3E2392C88C0081DF99 /* DemoTests.m */,
				BA9B4F402392C88C0081DF99 /* Info.plist */,
			);
			path = DemoTests;
			sourceTree = "<group>";
		};
		BA9B4F482392C88C0081DF99 /* DemoUITests */ = {
			isa = PBXGroup;
			children = (
				BA9B4F492392C88C0081DF99 /* DemoUITests.m */,
				BA9B4F4B2392C88C0081DF99 /* Info.plist */,
			);
			path = DemoUITests;
			sourceTree = "<group>";
		};
/* End PBXGroup section */

/* Begin PBXNativeTarget section */
		BA9B4F212392C88A0081DF99 /* Demo */ = {
			isa = PBXNativeTarget;
			buildConfigurationList = BA9B4F4E2392C88C0081DF99 /* Build configuration list for PBXNativeTarget "Demo" */;
			buildPhases = (
				BA9B4F1E2392C88A0081DF99 /* Sources */,
				BA9B4F1F2392C88A0081DF99 /* Frameworks */,
				BA9B4F202392C88A0081DF99 /* Resources */,
			);
			buildRules = (
			);
			dependencies = (
			);
			name = Demo;
			productName = Demo;
			productReference = BA9B4F222392C88A0081DF99 /* Demo.app */;
			productType = "com.apple.product-type.application";
		};
		BA9B4F392392C88C0081DF99 /* DemoTests */ = {
			isa = PBXNativeTarget;
			buildConfigurationList = BA9B4F512392C88C0081DF99 /* Build configuration list for PBXNativeTarget "DemoTests" */;
			buildPhases = (
				BA9B4F362392C88C0081DF99 /* Sources */,
				BA9B4F372392C88C0081DF99 /* Frameworks */,
				BA9B4F382392C88C0081DF99 /* Resources */,
			);
			buildRules = (
			);
			dependencies = (
				BA9B4F3C2392C88C0081DF99 /* PBXTargetDependency */,
			);
			name = DemoTests;
			productName = DemoTests;
			productReference = BA9B4F3A2392C88C0081DF99 /* DemoTests.xctest */;
			productType = "com.apple.product-type.bundle.unit-test";
		};
		BA9B4F442392C88C0081DF99 /* DemoUITests */ = {
			isa = PBXNativeTarget;
			buildConfigurationList = BA9B4F542392C88C0081DF99 /* Build configuration list for PBXNativeTarget "DemoUITests" */;
			buildPhases = (
				BA9B4F412392C88C0081DF99 /* Sources */,
				BA9B4F422392C88C0081DF99 /* Frameworks */,
				BA9B4F432392C88C0081DF99 /* Resources */,
			);
			buildRules = (
			);
			dependencies = (
				BA9B4F472392C88C0081DF99 /* PBXTargetDependency */,
			);
			name = DemoUITests;
			productName = DemoUITests;
			productReference = BA9B4F452392C88C0081DF99 /* DemoUITests.xctest */;
			productType = "com.apple.product-type.bundle.ui-testing";
		};
/* End PBXNativeTarget section */

/* Begin PBXProject section */
		BA9B4F1A2392C88A0081DF99 /* Project object */ = {
			isa = PBXProject;
			attributes = {
				LastUpgradeCheck = 1020;
				ORGANIZATIONNAME = zhichang.he;
				TargetAttributes = {
					BA9B4F212392C88A0081DF99 = {
						CreatedOnToolsVersion = 10.2.1;
					};
					BA9B4F392392C88C0081DF99 = {
						CreatedOnToolsVersion = 10.2.1;
						TestTargetID = BA9B4F212392C88A0081DF99;
					};
					BA9B4F442392C88C0081DF99 = {
						CreatedOnToolsVersion = 10.2.1;
						TestTargetID = BA9B4F212392C88A0081DF99;
					};
				};
			};
			buildConfigurationList = BA9B4F1D2392C88A0081DF99 /* Build configuration list for PBXProject "Demo" */;
			compatibilityVersion = "Xcode 9.3";
			developmentRegion = en;
			hasScannedForEncodings = 0;
			knownRegions = (
				en,
				Base,
			);
			mainGroup = BA9B4F192392C88A0081DF99;
			productRefGroup = BA9B4F232392C88A0081DF99 /* Products */;
			projectDirPath = "";
			projectRoot = "";
			targets = (
				BA9B4F212392C88A0081DF99 /* Demo */,
				BA9B4F392392C88C0081DF99 /* DemoTests */,
				BA9B4F442392C88C0081DF99 /* DemoUITests */,
			);
		};
/* End PBXProject section */

/* Begin PBXResourcesBuildPhase section */
		BA9B4F202392C88A0081DF99 /* Resources */ = {
			isa = PBXResourcesBuildPhase;
			buildActionMask = 2147483647;
			files = (
				BA9B4F322392C88C0081DF99 /* LaunchScreen.storyboard in Resources */,
				BA9B4F2F2392C88C0081DF99 /* Assets.xcassets in Resources */,
				BA9B4F2D2392C88A0081DF99 /* Main.storyboard in Resources */,
			);
			runOnlyForDeploymentPostprocessing = 0;
		};
		BA9B4F382392C88C0081DF99 /* Resources */ = {
			isa = PBXResourcesBuildPhase;
			buildActionMask = 2147483647;
			files = (
			);
			runOnlyForDeploymentPostprocessing = 0;
		};
		BA9B4F432392C88C0081DF99 /* Resources */ = {
			isa = PBXResourcesBuildPhase;
			buildActionMask = 2147483647;
			files = (
			);
			runOnlyForDeploymentPostprocessing = 0;
		};
/* End PBXResourcesBuildPhase section */

/* Begin PBXSourcesBuildPhase section */
		BA9B4F1E2392C88A0081DF99 /* Sources */ = {
			isa = PBXSourcesBuildPhase;
			buildActionMask = 2147483647;
			files = (
				BA9B4F5C2392C8D50081DF99 /* Demo2ViewController.m in Sources */,
				BA9B4F2A2392C88A0081DF99 /* ViewController.m in Sources */,
				BA9B4F352392C88C0081DF99 /* main.m in Sources */,
				BA9B4F272392C88A0081DF99 /* AppDelegate.m in Sources */,
				BA9B4F5B2392C8D50081DF99 /* DemoViewController.m in Sources */,
			);
			runOnlyForDeploymentPostprocessing = 0;
		};
		BA9B4F362392C88C0081DF99 /* Sources */ = {
			isa = PBXSourcesBuildPhase;
			buildActionMask = 2147483647;
			files = (
				BA9B4F3F2392C88C0081DF99 /* DemoTests.m in Sources */,
			);
			runOnlyForDeploymentPostprocessing = 0;
		};
		BA9B4F412392C88C0081DF99 /* Sources */ = {
			isa = PBXSourcesBuildPhase;
			buildActionMask = 2147483647;
			files = (
				BA9B4F4A2392C88C0081DF99 /* DemoUITests.m in Sources */,
			);
			runOnlyForDeploymentPostprocessing = 0;
		};
/* End PBXSourcesBuildPhase section */

/* Begin PBXTargetDependency section */
		BA9B4F3C2392C88C0081DF99 /* PBXTargetDependency */ = {
			isa = PBXTargetDependency;
			target = BA9B4F212392C88A0081DF99 /* Demo */;
			targetProxy = BA9B4F3B2392C88C0081DF99 /* PBXContainerItemProxy */;
		};
		BA9B4F472392C88C0081DF99 /* PBXTargetDependency */ = {
			isa = PBXTargetDependency;
			target = BA9B4F212392C88A0081DF99 /* Demo */;
			targetProxy = BA9B4F462392C88C0081DF99 /* PBXContainerItemProxy */;
		};
/* End PBXTargetDependency section */

/* Begin PBXVariantGroup section */
		BA9B4F2B2392C88A0081DF99 /* Main.storyboard */ = {
			isa = PBXVariantGroup;
			children = (
				BA9B4F2C2392C88A0081DF99 /* Base */,
			);
			name = Main.storyboard;
			sourceTree = "<group>";
		};
		BA9B4F302392C88C0081DF99 /* LaunchScreen.storyboard */ = {
			isa = PBXVariantGroup;
			children = (
				BA9B4F312392C88C0081DF99 /* Base */,
			);
			name = LaunchScreen.storyboard;
			sourceTree = "<group>";
		};
/* End PBXVariantGroup section */

/* Begin XCBuildConfiguration section */
		BA9B4F4C2392C88C0081DF99 /* Debug */ = {
			isa = XCBuildConfiguration;
			buildSettings = {
				ALWAYS_SEARCH_USER_PATHS = NO;
				CLANG_ANALYZER_NONNULL = YES;
				CLANG_ANALYZER_NUMBER_OBJECT_CONVERSION = YES_AGGRESSIVE;
				CLANG_CXX_LANGUAGE_STANDARD = "gnu++14";
				CLANG_CXX_LIBRARY = "libc++";
				CLANG_ENABLE_MODULES = YES;
				CLANG_ENABLE_OBJC_ARC = YES;
				CLANG_ENABLE_OBJC_WEAK = YES;
				CLANG_WARN_BLOCK_CAPTURE_AUTORELEASING = YES;
				CLANG_WARN_BOOL_CONVERSION = YES;
				CLANG_WARN_COMMA = YES;
				CLANG_WARN_CONSTANT_CONVERSION = YES;
				CLANG_WARN_DEPRECATED_OBJC_IMPLEMENTATIONS = YES;
				CLANG_WARN_DIRECT_OBJC_ISA_USAGE = YES_ERROR;
				CLANG_WARN_DOCUMENTATION_COMMENTS = YES;
				CLANG_WARN_EMPTY_BODY = YES;
				CLANG_WARN_ENUM_CONVERSION = YES;
				CLANG_WARN_INFINITE_RECURSION = YES;
				CLANG_WARN_INT_CONVERSION = YES;
				CLANG_WARN_NON_LITERAL_NULL_CONVERSION = YES;
				CLANG_WARN_OBJC_IMPLICIT_RETAIN_SELF = YES;
				CLANG_WARN_OBJC_LITERAL_CONVERSION = YES;
				CLANG_WARN_OBJC_ROOT_CLASS = YES_ERROR;
				CLANG_WARN_RANGE_LOOP_ANALYSIS = YES;
				CLANG_WARN_STRICT_PROTOTYPES = YES;
				CLANG_WARN_SUSPICIOUS_MOVE = YES;
				CLANG_WARN_UNGUARDED_AVAILABILITY = YES_AGGRESSIVE;
				CLANG_WARN_UNREACHABLE_CODE = YES;
				CLANG_WARN__DUPLICATE_METHOD_MATCH = YES;
				CODE_SIGN_IDENTITY = "iPhone Developer";
				COPY_PHASE_STRIP = NO;
				DEBUG_INFORMATION_FORMAT = dwarf;
				ENABLE_STRICT_OBJC_MSGSEND = YES;
				ENABLE_TESTABILITY = YES;
				GCC_C_LANGUAGE_STANDARD = gnu11;
				GCC_DYNAMIC_NO_PIC = NO;
				GCC_NO_COMMON_BLOCKS = YES;
				GCC_OPTIMIZATION_LEVEL = 0;
				GCC_PREPROCESSOR_DEFINITIONS = (
					"DEBUG=1",
					"$(inherited)",
				);
				GCC_WARN_64_TO_32_BIT_CONVERSION = YES;
				GCC_WARN_ABOUT_RETURN_TYPE = YES_ERROR;
				GCC_WARN_UNDECLARED_SELECTOR = YES;
				GCC_WARN_UNINITIALIZED_AUTOS = YES_AGGRESSIVE;
				GCC_WARN_UNUSED_FUNCTION = YES;
				GCC_WARN_UNUSED_VARIABLE = YES;
				IPHONEOS_DEPLOYMENT_TARGET = 12.2;
				MTL_ENABLE_DEBUG_INFO = INCLUDE_SOURCE;
				MTL_FAST_MATH = YES;
				ONLY_ACTIVE_ARCH = YES;
				SDKROOT = iphoneos;
			};
			name = Debug;
		};
		BA9B4F4D2392C88C0081DF99 /* Release */ = {
			isa = XCBuildConfiguration;
			buildSettings = {
				ALWAYS_SEARCH_USER_PATHS = NO;
				CLANG_ANALYZER_NONNULL = YES;
				CLANG_ANALYZER_NUMBER_OBJECT_CONVERSION = YES_AGGRESSIVE;
				CLANG_CXX_LANGUAGE_STANDARD = "gnu++14";
				CLANG_CXX_LIBRARY = "libc++";
				CLANG_ENABLE_MODULES = YES;
				CLANG_ENABLE_OBJC_ARC = YES;
				CLANG_ENABLE_OBJC_WEAK = YES;
				CLANG_WARN_BLOCK_CAPTURE_AUTORELEASING = YES;
				CLANG_WARN_BOOL_CONVERSION = YES;
				CLANG_WARN_COMMA = YES;
				CLANG_WARN_CONSTANT_CONVERSION = YES;
				CLANG_WARN_DEPRECATED_OBJC_IMPLEMENTATIONS = YES;
				CLANG_WARN_DIRECT_OBJC_ISA_USAGE = YES_ERROR;
				CLANG_WARN_DOCUMENTATION_COMMENTS = YES;
				CLANG_WARN_EMPTY_BODY = YES;
				CLANG_WARN_ENUM_CONVERSION = YES;
				CLANG_WARN_INFINITE_RECURSION = YES;
				CLANG_WARN_INT_CONVERSION = YES;
				CLANG_WARN_NON_LITERAL_NULL_CONVERSION = YES;
				CLANG_WARN_OBJC_IMPLICIT_RETAIN_SELF = YES;
				CLANG_WARN_OBJC_LITERAL_CONVERSION = YES;
				CLANG_WARN_OBJC_ROOT_CLASS = YES_ERROR;
				CLANG_WARN_RANGE_LOOP_ANALYSIS = YES;
				CLANG_WARN_STRICT_PROTOTYPES = YES;
				CLANG_WARN_SUSPICIOUS_MOVE = YES;
				CLANG_WARN_UNGUARDED_AVAILABILITY = YES_AGGRESSIVE;
				CLANG_WARN_UNREACHABLE_CODE = YES;
				CLANG_WARN__DUPLICATE_METHOD_MATCH = YES;
				CODE_SIGN_IDENTITY = "iPhone Developer";
				COPY_PHASE_STRIP = NO;
				DEBUG_INFORMATION_FORMAT = "dwarf-with-dsym";
				ENABLE_NS_ASSERTIONS = NO;
				ENABLE_STRICT_OBJC_MSGSEND = YES;
				GCC_C_LANGUAGE_STANDARD = gnu11;
				GCC_NO_COMMON_BLOCKS = YES;
				GCC_WARN_64_TO_32_BIT_CONVERSION = YES;
				GCC_WARN_ABOUT_RETURN_TYPE = YES_ERROR;
				GCC_WARN_UNDECLARED_SELECTOR = YES;
				GCC_WARN_UNINITIALIZED_AUTOS = YES_AGGRESSIVE;
				GCC_WARN_UNUSED_FUNCTION = YES;
				GCC_WARN_UNUSED_VARIABLE = YES;
				IPHONEOS_DEPLOYMENT_TARGET = 12.2;
				MTL_ENABLE_DEBUG_INFO = NO;
				MTL_FAST_MATH = YES;
				SDKROOT = iphoneos;
				VALIDATE_PRODUCT = YES;
			};
			name = Release;
		};
		BA9B4F4F2392C88C0081DF99 /* Debug */ = {
			isa = XCBuildConfiguration;
			buildSettings = {
				ASSETCATALOG_COMPILER_APPICON_NAME = AppIcon;
				CODE_SIGN_STYLE = Automatic;
				INFOPLIST_FILE = Demo/Info.plist;
				LD_RUNPATH_SEARCH_PATHS = (
					"$(inherited)",
					"@executable_path/Frameworks",
				);
				PRODUCT_BUNDLE_IDENTIFIER = zhichang.he.Demo;
				PRODUCT_NAME = "$(TARGET_NAME)";
				TARGETED_DEVICE_FAMILY = "1,2";
			};
			name = Debug;
		};
		BA9B4F502392C88C0081DF99 /* Release */ = {
			isa = XCBuildConfiguration;
			buildSettings = {
				ASSETCATALOG_COMPILER_APPICON_NAME = AppIcon;
				CODE_SIGN_STYLE = Automatic;
				INFOPLIST_FILE = Demo/Info.plist;
				LD_RUNPATH_SEARCH_PATHS = (
					"$(inherited)",
					"@executable_path/Frameworks",
				);
				PRODUCT_BUNDLE_IDENTIFIER = zhichang.he.Demo;
				PRODUCT_NAME = "$(TARGET_NAME)";
				TARGETED_DEVICE_FAMILY = "1,2";
			};
			name = Release;
		};
		BA9B4F522392C88C0081DF99 /* Debug */ = {
			isa = XCBuildConfiguration;
			buildSettings = {
				BUNDLE_LOADER = "$(TEST_HOST)";
				CODE_SIGN_STYLE = Automatic;
				INFOPLIST_FILE = DemoTests/Info.plist;
				LD_RUNPATH_SEARCH_PATHS = (
					"$(inherited)",
					"@executable_path/Frameworks",
					"@loader_path/Frameworks",
				);
				PRODUCT_BUNDLE_IDENTIFIER = zhichang.he.DemoTests;
				PRODUCT_NAME = "$(TARGET_NAME)";
				TARGETED_DEVICE_FAMILY = "1,2";
				TEST_HOST = "$(BUILT_PRODUCTS_DIR)/Demo.app/Demo";
			};
			name = Debug;
		};
		BA9B4F532392C88C0081DF99 /* Release */ = {
			isa = XCBuildConfiguration;
			buildSettings = {
				BUNDLE_LOADER = "$(TEST_HOST)";
				CODE_SIGN_STYLE = Automatic;
				INFOPLIST_FILE = DemoTests/Info.plist;
				LD_RUNPATH_SEARCH_PATHS = (
					"$(inherited)",
					"@executable_path/Frameworks",
					"@loader_path/Frameworks",
				);
				PRODUCT_BUNDLE_IDENTIFIER = zhichang.he.DemoTests;
				PRODUCT_NAME = "$(TARGET_NAME)";
				TARGETED_DEVICE_FAMILY = "1,2";
				TEST_HOST = "$(BUILT_PRODUCTS_DIR)/Demo.app/Demo";
			};
			name = Release;
		};
		BA9B4F552392C88C0081DF99 /* Debug */ = {
			isa = XCBuildConfiguration;
			buildSettings = {
				CODE_SIGN_STYLE = Automatic;
				INFOPLIST_FILE = DemoUITests/Info.plist;
				LD_RUNPATH_SEARCH_PATHS = (
					"$(inherited)",
					"@executable_path/Frameworks",
					"@loader_path/Frameworks",
				);
				PRODUCT_BUNDLE_IDENTIFIER = zhichang.he.DemoUITests;
				PRODUCT_NAME = "$(TARGET_NAME)";
				TARGETED_DEVICE_FAMILY = "1,2";
				TEST_TARGET_NAME = Demo;
			};
			name = Debug;
		};
		BA9B4F562392C88C0081DF99 /* Release */ = {
			isa = XCBuildConfiguration;
			buildSettings = {
				CODE_SIGN_STYLE = Automatic;
				INFOPLIST_FILE = DemoUITests/Info.plist;
				LD_RUNPATH_SEARCH_PATHS = (
					"$(inherited)",
					"@executable_path/Frameworks",
					"@loader_path/Frameworks",
				);
				PRODUCT_BUNDLE_IDENTIFIER = zhichang.he.DemoUITests;
				PRODUCT_NAME = "$(TARGET_NAME)";
				TARGETED_DEVICE_FAMILY = "1,2";
				TEST_TARGET_NAME = Demo;
			};
			name = Release;
		};
/* End XCBuildConfiguration section */

/* Begin XCConfigurationList section */
		BA9B4F1D2392C88A0081DF99 /* Build configuration list for PBXProject "Demo" */ = {
			isa = XCConfigurationList;
			buildConfigurations = (
				BA9B4F4C2392C88C0081DF99 /* Debug */,
				BA9B4F4D2392C88C0081DF99 /* Release */,
			);
			defaultConfigurationIsVisible = 0;
			defaultConfigurationName = Release;
		};
		BA9B4F4E2392C88C0081DF99 /* Build configuration list for PBXNativeTarget "Demo" */ = {
			isa = XCConfigurationList;
			buildConfigurations = (
				BA9B4F4F2392C88C0081DF99 /* Debug */,
				BA9B4F502392C88C0081DF99 /* Release */,
			);
			defaultConfigurationIsVisible = 0;
			defaultConfigurationName = Release;
		};
		BA9B4F512392C88C0081DF99 /* Build configuration list for PBXNativeTarget "DemoTests" */ = {
			isa = XCConfigurationList;
			buildConfigurations = (
				BA9B4F522392C88C0081DF99 /* Debug */,
				BA9B4F532392C88C0081DF99 /* Release */,
			);
			defaultConfigurationIsVisible = 0;
			defaultConfigurationName = Release;
		};
		BA9B4F542392C88C0081DF99 /* Build configuration list for PBXNativeTarget "DemoUITests" */ = {
			isa = XCConfigurationList;
			buildConfigurations = (
				BA9B4F552392C88C0081DF99 /* Debug */,
				BA9B4F562392C88C0081DF99 /* Release */,
			);
			defaultConfigurationIsVisible = 0;
			defaultConfigurationName = Release;
		};
/* End XCConfigurationList section */
	};
	rootObject = BA9B4F1A2392C88A0081DF99 /* Project object */;
}
